{
  "version": 4,
  "terraform_version": "1.12.2",
  "serial": 10,
  "lineage": "8f020173-2531-ed80-b2a7-053e5453fe02",
  "outputs": {},
  "resources": [
    {
      "mode": "managed",
      "type": "azurerm_mssql_server",
      "name": "azurems",
      "provider": "provider[\"registry.terraform.io/hashicorp/azurerm\"]",
      "instances": [
        {
          "status": "tainted",
          "schema_version": 0,
          "attributes": {
            "administrator_login": "4dm1n157r470r",
            "administrator_login_password": "4-v3ry-53cr37-p455w0rd",
            "administrator_login_password_wo": null,
            "administrator_login_password_wo_version": null,
            "azuread_administrator": [],
            "connection_policy": "Default",
            "express_vulnerability_assessment_enabled": false,
            "fully_qualified_domain_name": null,
            "id": "/subscriptions/092a8a8e-cac9-46cb-9f98-fdcdab2d54e3/resourceGroups/SoftUniBazar/providers/Microsoft.Sql/servers/bazarserver-1",
            "identity": [],
            "location": "swedencentral",
            "minimum_tls_version": "1.2",
            "name": "bazarserver-1",
            "outbound_network_restriction_enabled": false,
            "primary_user_assigned_identity_id": null,
            "public_network_access_enabled": true,
            "resource_group_name": "SoftUniBazar",
            "restorable_dropped_database_ids": null,
            "tags": null,
            "timeouts": null,
            "transparent_data_encryption_key_vault_key_id": null,
            "version": "12.0"
          },
          "sensitive_attributes": [
            [
              {
                "type": "get_attr",
                "value": "administrator_login_password"
              }
            ],
            [
              {
                "type": "get_attr",
                "value": "administrator_login_password_wo"
              }
            ]
          ],
          "identity_schema_version": 0,
          "private": "eyJlMmJmYjczMC1lY2FhLTExZTYtOGY4OC0zNDM2M2JjN2M0YzAiOnsiY3JlYXRlIjozNjAwMDAwMDAwMDAwLCJkZWxldGUiOjM2MDAwMDAwMDAwMDAsInJlYWQiOjMwMDAwMDAwMDAwMCwidXBkYXRlIjozNjAwMDAwMDAwMDAwfX0=",
          "dependencies": [
            "azurerm_resource_group.azurerg"
          ]
        }
      ]
    },
    {
      "mode": "managed",
      "type": "azurerm_resource_group",
      "name": "azurerg",
      "provider": "provider[\"registry.terraform.io/hashicorp/azurerm\"]",
      "instances": [
        {
          "schema_version": 0,
          "attributes": {
            "id": "/subscriptions/092a8a8e-cac9-46cb-9f98-fdcdab2d54e3/resourceGroups/SoftUniBazar",
            "location": "swedencentral",
            "managed_by": "",
            "name": "SoftUniBazar",
            "tags": {},
            "timeouts": null
          },
          "sensitive_attributes": [],
          "identity_schema_version": 0,
          "private": "eyJlMmJmYjczMC1lY2FhLTExZTYtOGY4OC0zNDM2M2JjN2M0YzAiOnsiY3JlYXRlIjo1NDAwMDAwMDAwMDAwLCJkZWxldGUiOjU0MDAwMDAwMDAwMDAsInJlYWQiOjMwMDAwMDAwMDAwMCwidXBkYXRlIjo1NDAwMDAwMDAwMDAwfX0="
        }
      ]
    }
  ],
  "check_results": null
}
